
Microsoft Visual Studio Solution File, Format Version 12.00
# Visual Studio 15
VisualStudioVersion = 15.0.27130.2027
MinimumVisualStudioVersion = 10.0.40219.1
Project("{FAE04EC0-301F-11D3-BF4B-00C04F79EFBC}") = "bootcamp-3tiers", "bootcamp-3tiers\bootcamp-3tiers.csproj", "{603B035D-D084-41FE-A115-47DABD9FCBCB}"
EndProject
Global
	GlobalSection(SolutionConfigurationPlatforms) = preSolution
		Debug|Any CPU = Debug|Any CPU
		Release|Any CPU = Release|Any CPU
	EndGlobalSection
	GlobalSection(ProjectConfigurationPlatforms) = postSolution
		{603B035D-D084-41FE-A115-47DABD9FCBCB}.Debug|Any CPU.ActiveCfg = Debug|Any CPU
		{603B035D-D084-41FE-A115-47DABD9FCBCB}.Debug|Any CPU.Build.0 = Debug|Any CPU
		{603B035D-D084-41FE-A115-47DABD9FCBCB}.Release|Any CPU.ActiveCfg = Release|Any CPU
		{603B035D-D084-41FE-A115-47DABD9FCBCB}.Release|Any CPU.Build.0 = Release|Any CPU
	EndGlobalSection
	GlobalSection(SolutionProperties) = preSolution
		HideSolutionNode = FALSE
	EndGlobalSection
	GlobalSection(ExtensibilityGlobals) = postSolution
		SolutionGuid = {44DD2C2B-658D-49C8-A0AC-F5495433DF7D}
	EndGlobalSection
EndGlobal
